
Microsoft Visual Studio Solution File, Format Version 12.00
# Visual Studio Version 16
VisualStudioVersion = 16.0.31424.327
MinimumVisualStudioVersion = 10.0.40219.1
Project("{FAE04EC0-301F-11D3-BF4B-00C04F79EFBC}") = "SurfaceAreaSolution", "SurfaceAreaSolution.csproj", "{86101ADD-6B3E-4FAE-872F-C39B360F9EC9}"
EndProject
Global
	GlobalSection(SolutionConfigurationPlatforms) = preSolution
		Debug|Any CPU = Debug|Any CPU
		Release|Any CPU = Release|Any CPU
	EndGlobalSection
	GlobalSection(ProjectConfigurationPlatforms) = postSolution
		{86101ADD-6B3E-4FAE-872F-C39B360F9EC9}.Debug|Any CPU.ActiveCfg = Debug|Any CPU
		{86101ADD-6B3E-4FAE-872F-C39B360F9EC9}.Debug|Any CPU.Build.0 = Debug|Any CPU
		{86101ADD-6B3E-4FAE-872F-C39B360F9EC9}.Release|Any CPU.ActiveCfg = Release|Any CPU
		{86101ADD-6B3E-4FAE-872F-C39B360F9EC9}.Release|Any CPU.Build.0 = Release|Any CPU
	EndGlobalSection
	GlobalSection(SolutionProperties) = preSolution
		HideSolutionNode = FALSE
	EndGlobalSection
	GlobalSection(ExtensibilityGlobals) = postSolution
		SolutionGuid = {FF16055C-457E-4A47-9634-BE79F2A3DA7D}
	EndGlobalSection
EndGlobal
